
Microsoft Visual Studio Solution File, Format Version 12.00
# Visual Studio Version 16
VisualStudioVersion = 16.0.32510.428
MinimumVisualStudioVersion = 10.0.40219.1
Project("{FAE04EC0-301F-11D3-BF4B-00C04F79EFBC}") = "EventHubOffReceiver", "EventHubOffReceiver.csproj", "{ED628D93-BE12-443C-BFB7-255A4D6B506E}"
EndProject
Global
	GlobalSection(SolutionConfigurationPlatforms) = preSolution
		Debug|Any CPU = Debug|Any CPU
		Release|Any CPU = Release|Any CPU
	EndGlobalSection
	GlobalSection(ProjectConfigurationPlatforms) = postSolution
		{ED628D93-BE12-443C-BFB7-255A4D6B506E}.Debug|Any CPU.ActiveCfg = Debug|Any CPU
		{ED628D93-BE12-443C-BFB7-255A4D6B506E}.Debug|Any CPU.Build.0 = Debug|Any CPU
		{ED628D93-BE12-443C-BFB7-255A4D6B506E}.Release|Any CPU.ActiveCfg = Release|Any CPU
		{ED628D93-BE12-443C-BFB7-255A4D6B506E}.Release|Any CPU.Build.0 = Release|Any CPU
	EndGlobalSection
	GlobalSection(SolutionProperties) = preSolution
		HideSolutionNode = FALSE
	EndGlobalSection
	GlobalSection(ExtensibilityGlobals) = postSolution
		SolutionGuid = {06A62A42-A93F-423A-AC6B-449EE3106CA4}
	EndGlobalSection
EndGlobal
